// !$*UTF8*$!
{
	archiveVersion = 1;
	classes = {
	};
	objectVersion = 56;
	objects = {

/* Begin PBXBuildFile section */
		66F853022AB0DEBA00D5D1A9 /* AppDelegate.swift in Sources */ = {isa = PBXBuildFile; fileRef = 66F853012AB0DEBA00D5D1A9 /* AppDelegate.swift */; };
		66F853042AB0DEBA00D5D1A9 /* SceneDelegate.swift in Sources */ = {isa = PBXBuildFile; fileRef = 66F853032AB0DEBA00D5D1A9 /* SceneDelegate.swift */; };
		66F853062AB0DEBA00D5D1A9 /* FilesViewController.swift in Sources */ = {isa = PBXBuildFile; fileRef = 66F853052AB0DEBA00D5D1A9 /* FilesViewController.swift */; };
		66F8530B2AB0DEC000D5D1A9 /* Assets.xcassets in Resources */ = {isa = PBXBuildFile; fileRef = 66F8530A2AB0DEC000D5D1A9 /* Assets.xcassets */; };
		66F8530E2AB0DEC000D5D1A9 /* LaunchScreen.storyboard in Resources */ = {isa = PBXBuildFile; fileRef = 66F8530C2AB0DEC000D5D1A9 /* LaunchScreen.storyboard */; };
		66F853172AB0E66000D5D1A9 /* ToolsViewController.swift in Sources */ = {isa = PBXBuildFile; fileRef = 66F853162AB0E66000D5D1A9 /* ToolsViewController.swift */; };
		66F853192AB0E6A000D5D1A9 /* AccountViewController.swift in Sources */ = {isa = PBXBuildFile; fileRef = 66F853182AB0E6A000D5D1A9 /* AccountViewController.swift */; };
		66F8531B2AB0E74700D5D1A9 /* TabBarController.swift in Sources */ = {isa = PBXBuildFile; fileRef = 66F8531A2AB0E74700D5D1A9 /* TabBarController.swift */; };
		66F8531D2AB21CE500D5D1A9 /* CollectionViewCell.swift in Sources */ = {isa = PBXBuildFile; fileRef = 66F8531C2AB21CE400D5D1A9 /* CollectionViewCell.swift */; };
		66F853292AB30A6500D5D1A9 /* PDFViewController.swift in Sources */ = {isa = PBXBuildFile; fileRef = 66F853282AB30A6500D5D1A9 /* PDFViewController.swift */; };
/* End PBXBuildFile section */

/* Begin PBXFileReference section */
		66F852FE2AB0DEBA00D5D1A9 /* CGP_Task.app */ = {isa = PBXFileReference; explicitFileType = wrapper.application; includeInIndex = 0; path = CGP_Task.app; sourceTree = BUILT_PRODUCTS_DIR; };
		66F853012AB0DEBA00D5D1A9 /* AppDelegate.swift */ = {isa = PBXFileReference; lastKnownFileType = sourcecode.swift; path = AppDelegate.swift; sourceTree = "<group>"; };
		66F853032AB0DEBA00D5D1A9 /* SceneDelegate.swift */ = {isa = PBXFileReference; lastKnownFileType = sourcecode.swift; path = SceneDelegate.swift; sourceTree = "<group>"; };
		66F853052AB0DEBA00D5D1A9 /* FilesViewController.swift */ = {isa = PBXFileReference; lastKnownFileType = sourcecode.swift; path = FilesViewController.swift; sourceTree = "<group>"; };
		66F8530A2AB0DEC000D5D1A9 /* Assets.xcassets */ = {isa = PBXFileReference; lastKnownFileType = folder.assetcatalog; path = Assets.xcassets; sourceTree = "<group>"; };
		66F8530D2AB0DEC000D5D1A9 /* Base */ = {isa = PBXFileReference; lastKnownFileType = file.storyboard; name = Base; path = Base.lproj/LaunchScreen.storyboard; sourceTree = "<group>"; };
		66F8530F2AB0DEC000D5D1A9 /* Info.plist */ = {isa = PBXFileReference; lastKnownFileType = text.plist.xml; path = Info.plist; sourceTree = "<group>"; };
		66F853162AB0E66000D5D1A9 /* ToolsViewController.swift */ = {isa = PBXFileReference; lastKnownFileType = sourcecode.swift; path = ToolsViewController.swift; sourceTree = "<group>"; };
		66F853182AB0E6A000D5D1A9 /* AccountViewController.swift */ = {isa = PBXFileReference; lastKnownFileType = sourcecode.swift; path = AccountViewController.swift; sourceTree = "<group>"; };
		66F8531A2AB0E74700D5D1A9 /* TabBarController.swift */ = {isa = PBXFileReference; lastKnownFileType = sourcecode.swift; path = TabBarController.swift; sourceTree = "<group>"; };
		66F8531C2AB21CE400D5D1A9 /* CollectionViewCell.swift */ = {isa = PBXFileReference; lastKnownFileType = sourcecode.swift; path = CollectionViewCell.swift; sourceTree = "<group>"; };
		66F853282AB30A6500D5D1A9 /* PDFViewController.swift */ = {isa = PBXFileReference; lastKnownFileType = sourcecode.swift; path = PDFViewController.swift; sourceTree = "<group>"; };
/* End PBXFileReference section */

/* Begin PBXFrameworksBuildPhase section */
		66F852FB2AB0DEBA00D5D1A9 /* Frameworks */ = {
			isa = PBXFrameworksBuildPhase;
			buildActionMask = 2147483647;
			files = (
			);
			runOnlyForDeploymentPostprocessing = 0;
		};
/* End PBXFrameworksBuildPhase section */

/* Begin PBXGroup section */
		66F852F52AB0DEBA00D5D1A9 = {
			isa = PBXGroup;
			children = (
				66F853002AB0DEBA00D5D1A9 /* CGP_Task */,
				66F852FF2AB0DEBA00D5D1A9 /* Products */,
			);
			sourceTree = "<group>";
		};
		66F852FF2AB0DEBA00D5D1A9 /* Products */ = {
			isa = PBXGroup;
			children = (
				66F852FE2AB0DEBA00D5D1A9 /* CGP_Task.app */,
			);
			name = Products;
			sourceTree = "<group>";
		};
		66F853002AB0DEBA00D5D1A9 /* CGP_Task */ = {
			isa = PBXGroup;
			children = (
				66F853152AB0E47300D5D1A9 /* Supporting */,
				66F853052AB0DEBA00D5D1A9 /* FilesViewController.swift */,
				66F853282AB30A6500D5D1A9 /* PDFViewController.swift */,
				66F8531C2AB21CE400D5D1A9 /* CollectionViewCell.swift */,
				66F853162AB0E66000D5D1A9 /* ToolsViewController.swift */,
				66F853182AB0E6A000D5D1A9 /* AccountViewController.swift */,
				66F8531A2AB0E74700D5D1A9 /* TabBarController.swift */,
				66F8530F2AB0DEC000D5D1A9 /* Info.plist */,
			);
			path = CGP_Task;
			sourceTree = "<group>";
		};
		66F853152AB0E47300D5D1A9 /* Supporting */ = {
			isa = PBXGroup;
			children = (
				66F853012AB0DEBA00D5D1A9 /* AppDelegate.swift */,
				66F853032AB0DEBA00D5D1A9 /* SceneDelegate.swift */,
				66F8530A2AB0DEC000D5D1A9 /* Assets.xcassets */,
				66F8530C2AB0DEC000D5D1A9 /* LaunchScreen.storyboard */,
			);
			path = Supporting;
			sourceTree = "<group>";
		};
/* End PBXGroup section */

/* Begin PBXNativeTarget section */
		66F852FD2AB0DEBA00D5D1A9 /* CGP_Task */ = {
			isa = PBXNativeTarget;
			buildConfigurationList = 66F853122AB0DEC000D5D1A9 /* Build configuration list for PBXNativeTarget "CGP_Task" */;
			buildPhases = (
				66F852FA2AB0DEBA00D5D1A9 /* Sources */,
				66F852FB2AB0DEBA00D5D1A9 /* Frameworks */,
				66F852FC2AB0DEBA00D5D1A9 /* Resources */,
			);
			buildRules = (
			);
			dependencies = (
			);
			name = CGP_Task;
			productName = CGP_Task;
			productReference = 66F852FE2AB0DEBA00D5D1A9 /* CGP_Task.app */;
			productType = "com.apple.product-type.application";
		};
/* End PBXNativeTarget section */

/* Begin PBXProject section */
		66F852F62AB0DEBA00D5D1A9 /* Project object */ = {
			isa = PBXProject;
			attributes = {
				BuildIndependentTargetsInParallel = 1;
				LastSwiftUpdateCheck = 1430;
				LastUpgradeCheck = 1430;
				TargetAttributes = {
					66F852FD2AB0DEBA00D5D1A9 = {
						CreatedOnToolsVersion = 14.3.1;
					};
				};
			};
			buildConfigurationList = 66F852F92AB0DEBA00D5D1A9 /* Build configuration list for PBXProject "CGP_Task" */;
			compatibilityVersion = "Xcode 14.0";
			developmentRegion = en;
			hasScannedForEncodings = 0;
			knownRegions = (
				en,
				Base,
			);
			mainGroup = 66F852F52AB0DEBA00D5D1A9;
			productRefGroup = 66F852FF2AB0DEBA00D5D1A9 /* Products */;
			projectDirPath = "";
			projectRoot = "";
			targets = (
				66F852FD2AB0DEBA00D5D1A9 /* CGP_Task */,
			);
		};
/* End PBXProject section */

/* Begin PBXResourcesBuildPhase section */
		66F852FC2AB0DEBA00D5D1A9 /* Resources */ = {
			isa = PBXResourcesBuildPhase;
			buildActionMask = 2147483647;
			files = (
				66F8530E2AB0DEC000D5D1A9 /* LaunchScreen.storyboard in Resources */,
				66F8530B2AB0DEC000D5D1A9 /* Assets.xcassets in Resources */,
			);
			runOnlyForDeploymentPostprocessing = 0;
		};
/* End PBXResourcesBuildPhase section */

/* Begin PBXSourcesBuildPhase section */
		66F852FA2AB0DEBA00D5D1A9 /* Sources */ = {
			isa = PBXSourcesBuildPhase;
			buildActionMask = 2147483647;
			files = (
				66F853172AB0E66000D5D1A9 /* ToolsViewController.swift in Sources */,
				66F853192AB0E6A000D5D1A9 /* AccountViewController.swift in Sources */,
				66F853062AB0DEBA00D5D1A9 /* FilesViewController.swift in Sources */,
				66F853292AB30A6500D5D1A9 /* PDFViewController.swift in Sources */,
				66F8531D2AB21CE500D5D1A9 /* CollectionViewCell.swift in Sources */,
				66F8531B2AB0E74700D5D1A9 /* TabBarController.swift in Sources */,
				66F853022AB0DEBA00D5D1A9 /* AppDelegate.swift in Sources */,
				66F853042AB0DEBA00D5D1A9 /* SceneDelegate.swift in Sources */,
			);
			runOnlyForDeploymentPostprocessing = 0;
		};
/* End PBXSourcesBuildPhase section */

/* Begin PBXVariantGroup section */
		66F8530C2AB0DEC000D5D1A9 /* LaunchScreen.storyboard */ = {
			isa = PBXVariantGroup;
			children = (
				66F8530D2AB0DEC000D5D1A9 /* Base */,
			);
			name = LaunchScreen.storyboard;
			sourceTree = "<group>";
		};
/* End PBXVariantGroup section */

/* Begin XCBuildConfiguration section */
		66F853102AB0DEC000D5D1A9 /* Debug */ = {
			isa = XCBuildConfiguration;
			buildSettings = {
				ALWAYS_SEARCH_USER_PATHS = NO;
				CLANG_ANALYZER_NONNULL = YES;
				CLANG_ANALYZER_NUMBER_OBJECT_CONVERSION = YES_AGGRESSIVE;
				CLANG_CXX_LANGUAGE_STANDARD = "gnu++20";
				CLANG_ENABLE_MODULES = YES;
				CLANG_ENABLE_OBJC_ARC = YES;
				CLANG_ENABLE_OBJC_WEAK = YES;
				CLANG_WARN_BLOCK_CAPTURE_AUTORELEASING = YES;
				CLANG_WARN_BOOL_CONVERSION = YES;
				CLANG_WARN_COMMA = YES;
				CLANG_WARN_CONSTANT_CONVERSION = YES;
				CLANG_WARN_DEPRECATED_OBJC_IMPLEMENTATIONS = YES;
				CLANG_WARN_DIRECT_OBJC_ISA_USAGE = YES_ERROR;
				CLANG_WARN_DOCUMENTATION_COMMENTS = YES;
				CLANG_WARN_EMPTY_BODY = YES;
				CLANG_WARN_ENUM_CONVERSION = YES;
				CLANG_WARN_INFINITE_RECURSION = YES;
				CLANG_WARN_INT_CONVERSION = YES;
				CLANG_WARN_NON_LITERAL_NULL_CONVERSION = YES;
				CLANG_WARN_OBJC_IMPLICIT_RETAIN_SELF = YES;
				CLANG_WARN_OBJC_LITERAL_CONVERSION = YES;
				CLANG_WARN_OBJC_ROOT_CLASS = YES_ERROR;
				CLANG_WARN_QUOTED_INCLUDE_IN_FRAMEWORK_HEADER = YES;
				CLANG_WARN_RANGE_LOOP_ANALYSIS = YES;
				CLANG_WARN_STRICT_PROTOTYPES = YES;
				CLANG_WARN_SUSPICIOUS_MOVE = YES;
				CLANG_WARN_UNGUARDED_AVAILABILITY = YES_AGGRESSIVE;
				CLANG_WARN_UNREACHABLE_CODE = YES;
				CLANG_WARN__DUPLICATE_METHOD_MATCH = YES;
				COPY_PHASE_STRIP = NO;
				DEBUG_INFORMATION_FORMAT = dwarf;
				ENABLE_STRICT_OBJC_MSGSEND = YES;
				ENABLE_TESTABILITY = YES;
				GCC_C_LANGUAGE_STANDARD = gnu11;
				GCC_DYNAMIC_NO_PIC = NO;
				GCC_NO_COMMON_BLOCKS = YES;
				GCC_OPTIMIZATION_LEVEL = 0;
				GCC_PREPROCESSOR_DEFINITIONS = (
					"DEBUG=1",
					"$(inherited)",
				);
				GCC_WARN_64_TO_32_BIT_CONVERSION = YES;
				GCC_WARN_ABOUT_RETURN_TYPE = YES_ERROR;
				GCC_WARN_UNDECLARED_SELECTOR = YES;
				GCC_WARN_UNINITIALIZED_AUTOS = YES_AGGRESSIVE;
				GCC_WARN_UNUSED_FUNCTION = YES;
				GCC_WARN_UNUSED_VARIABLE = YES;
				IPHONEOS_DEPLOYMENT_TARGET = 16.4;
				MTL_ENABLE_DEBUG_INFO = INCLUDE_SOURCE;
				MTL_FAST_MATH = YES;
				ONLY_ACTIVE_ARCH = YES;
				SDKROOT = iphoneos;
				SWIFT_ACTIVE_COMPILATION_CONDITIONS = DEBUG;
				SWIFT_OPTIMIZATION_LEVEL = "-Onone";
			};
			name = Debug;
		};
		66F853112AB0DEC000D5D1A9 /* Release */ = {
			isa = XCBuildConfiguration;
			buildSettings = {
				ALWAYS_SEARCH_USER_PATHS = NO;
				CLANG_ANALYZER_NONNULL = YES;
				CLANG_ANALYZER_NUMBER_OBJECT_CONVERSION = YES_AGGRESSIVE;
				CLANG_CXX_LANGUAGE_STANDARD = "gnu++20";
				CLANG_ENABLE_MODULES = YES;
				CLANG_ENABLE_OBJC_ARC = YES;
				CLANG_ENABLE_OBJC_WEAK = YES;
				CLANG_WARN_BLOCK_CAPTURE_AUTORELEASING = YES;
				CLANG_WARN_BOOL_CONVERSION = YES;
				CLANG_WARN_COMMA = YES;
				CLANG_WARN_CONSTANT_CONVERSION = YES;
				CLANG_WARN_DEPRECATED_OBJC_IMPLEMENTATIONS = YES;
				CLANG_WARN_DIRECT_OBJC_ISA_USAGE = YES_ERROR;
				CLANG_WARN_DOCUMENTATION_COMMENTS = YES;
				CLANG_WARN_EMPTY_BODY = YES;
				CLANG_WARN_ENUM_CONVERSION = YES;
				CLANG_WARN_INFINITE_RECURSION = YES;
				CLANG_WARN_INT_CONVERSION = YES;
				CLANG_WARN_NON_LITERAL_NULL_CONVERSION = YES;
				CLANG_WARN_OBJC_IMPLICIT_RETAIN_SELF = YES;
				CLANG_WARN_OBJC_LITERAL_CONVERSION = YES;
				CLANG_WARN_OBJC_ROOT_CLASS = YES_ERROR;
				CLANG_WARN_QUOTED_INCLUDE_IN_FRAMEWORK_HEADER = YES;
				CLANG_WARN_RANGE_LOOP_ANALYSIS = YES;
				CLANG_WARN_STRICT_PROTOTYPES = YES;
				CLANG_WARN_SUSPICIOUS_MOVE = YES;
				CLANG_WARN_UNGUARDED_AVAILABILITY = YES_AGGRESSIVE;
				CLANG_WARN_UNREACHABLE_CODE = YES;
				CLANG_WARN__DUPLICATE_METHOD_MATCH = YES;
				COPY_PHASE_STRIP = NO;
				DEBUG_INFORMATION_FORMAT = "dwarf-with-dsym";
				ENABLE_NS_ASSERTIONS = NO;
				ENABLE_STRICT_OBJC_MSGSEND = YES;
				GCC_C_LANGUAGE_STANDARD = gnu11;
				GCC_NO_COMMON_BLOCKS = YES;
				GCC_WARN_64_TO_32_BIT_CONVERSION = YES;
				GCC_WARN_ABOUT_RETURN_TYPE = YES_ERROR;
				GCC_WARN_UNDECLARED_SELECTOR = YES;
				GCC_WARN_UNINITIALIZED_AUTOS = YES_AGGRESSIVE;
				GCC_WARN_UNUSED_FUNCTION = YES;
				GCC_WARN_UNUSED_VARIABLE = YES;
				IPHONEOS_DEPLOYMENT_TARGET = 16.4;
				MTL_ENABLE_DEBUG_INFO = NO;
				MTL_FAST_MATH = YES;
				SDKROOT = iphoneos;
				SWIFT_COMPILATION_MODE = wholemodule;
				SWIFT_OPTIMIZATION_LEVEL = "-O";
				VALIDATE_PRODUCT = YES;
			};
			name = Release;
		};
		66F853132AB0DEC000D5D1A9 /* Debug */ = {
			isa = XCBuildConfiguration;
			buildSettings = {
				ASSETCATALOG_COMPILER_APPICON_NAME = AppIcon;
				ASSETCATALOG_COMPILER_GLOBAL_ACCENT_COLOR_NAME = AccentColor;
				CODE_SIGN_STYLE = Automatic;
				CURRENT_PROJECT_VERSION = 1;
				DEVELOPMENT_TEAM = 5BAT7Z2LU8;
				GENERATE_INFOPLIST_FILE = YES;
				INFOPLIST_FILE = CGP_Task/Info.plist;
				INFOPLIST_KEY_LSApplicationCategoryType = "public.app-category.utilities";
				INFOPLIST_KEY_UIApplicationSupportsIndirectInputEvents = YES;
				INFOPLIST_KEY_UILaunchStoryboardName = LaunchScreen;
				INFOPLIST_KEY_UIStatusBarStyle = "";
				INFOPLIST_KEY_UISupportedInterfaceOrientations = UIInterfaceOrientationPortrait;
				INFOPLIST_KEY_UISupportedInterfaceOrientations_iPad = "UIInterfaceOrientationLandscapeLeft UIInterfaceOrientationLandscapeRight UIInterfaceOrientationPortrait UIInterfaceOrientationPortraitUpsideDown";
				IPHONEOS_DEPLOYMENT_TARGET = 16.4;
				LD_RUNPATH_SEARCH_PATHS = (
					"$(inherited)",
					"@executable_path/Frameworks",
				);
				MARKETING_VERSION = 1.0;
				PRODUCT_BUNDLE_IDENTIFIER = "com.kyivkk.CGP-Task";
				PRODUCT_NAME = "$(TARGET_NAME)";
				SUPPORTED_PLATFORMS = "iphoneos iphonesimulator";
				SUPPORTS_MACCATALYST = NO;
				SUPPORTS_MAC_DESIGNED_FOR_IPHONE_IPAD = NO;
				SWIFT_EMIT_LOC_STRINGS = YES;
				SWIFT_VERSION = 5.0;
				TARGETED_DEVICE_FAMILY = 1;
			};
			name = Debug;
		};
		66F853142AB0DEC000D5D1A9 /* Release */ = {
			isa = XCBuildConfiguration;
			buildSettings = {
				ASSETCATALOG_COMPILER_APPICON_NAME = AppIcon;
				ASSETCATALOG_COMPILER_GLOBAL_ACCENT_COLOR_NAME = AccentColor;
				CODE_SIGN_STYLE = Automatic;
				CURRENT_PROJECT_VERSION = 1;
				DEVELOPMENT_TEAM = 5BAT7Z2LU8;
				GENERATE_INFOPLIST_FILE = YES;
				INFOPLIST_FILE = CGP_Task/Info.plist;
				INFOPLIST_KEY_LSApplicationCategoryType = "public.app-category.utilities";
				INFOPLIST_KEY_UIApplicationSupportsIndirectInputEvents = YES;
				INFOPLIST_KEY_UILaunchStoryboardName = LaunchScreen;
				INFOPLIST_KEY_UIStatusBarStyle = "";
				INFOPLIST_KEY_UISupportedInterfaceOrientations = UIInterfaceOrientationPortrait;
				INFOPLIST_KEY_UISupportedInterfaceOrientations_iPad = "UIInterfaceOrientationLandscapeLeft UIInterfaceOrientationLandscapeRight UIInterfaceOrientationPortrait UIInterfaceOrientationPortraitUpsideDown";
				IPHONEOS_DEPLOYMENT_TARGET = 16.4;
				LD_RUNPATH_SEARCH_PATHS = (
					"$(inherited)",
					"@executable_path/Frameworks",
				);
				MARKETING_VERSION = 1.0;
				PRODUCT_BUNDLE_IDENTIFIER = "com.kyivkk.CGP-Task";
				PRODUCT_NAME = "$(TARGET_NAME)";
				SUPPORTED_PLATFORMS = "iphoneos iphonesimulator";
				SUPPORTS_MACCATALYST = NO;
				SUPPORTS_MAC_DESIGNED_FOR_IPHONE_IPAD = NO;
				SWIFT_EMIT_LOC_STRINGS = YES;
				SWIFT_VERSION = 5.0;
				TARGETED_DEVICE_FAMILY = 1;
			};
			name = Release;
		};
/* End XCBuildConfiguration section */

/* Begin XCConfigurationList section */
		66F852F92AB0DEBA00D5D1A9 /* Build configuration list for PBXProject "CGP_Task" */ = {
			isa = XCConfigurationList;
			buildConfigurations = (
				66F853102AB0DEC000D5D1A9 /* Debug */,
				66F853112AB0DEC000D5D1A9 /* Release */,
			);
			defaultConfigurationIsVisible = 0;
			defaultConfigurationName = Release;
		};
		66F853122AB0DEC000D5D1A9 /* Build configuration list for PBXNativeTarget "CGP_Task" */ = {
			isa = XCConfigurationList;
			buildConfigurations = (
				66F853132AB0DEC000D5D1A9 /* Debug */,
				66F853142AB0DEC000D5D1A9 /* Release */,
			);
			defaultConfigurationIsVisible = 0;
			defaultConfigurationName = Release;
		};
/* End XCConfigurationList section */
	};
	rootObject = 66F852F62AB0DEBA00D5D1A9 /* Project object */;
}
